
Microsoft Visual Studio Solution File, Format Version 12.00
# Visual Studio Version 17
VisualStudioVersion = 17.11.35219.272
MinimumVisualStudioVersion = 10.0.40219.1
Project("{FAE04EC0-301F-11D3-BF4B-00C04F79EFBC}") = "API", "API\API.csproj", "{AE4622AC-3C7C-4D34-8363-82267B8048FA}"
EndProject
Global
	GlobalSection(SolutionConfigurationPlatforms) = preSolution
		Debug|Any CPU = Debug|Any CPU
		Release|Any CPU = Release|Any CPU
	EndGlobalSection
	GlobalSection(ProjectConfigurationPlatforms) = postSolution
		{AE4622AC-3C7C-4D34-8363-82267B8048FA}.Debug|Any CPU.ActiveCfg = Debug|Any CPU
		{AE4622AC-3C7C-4D34-8363-82267B8048FA}.Debug|Any CPU.Build.0 = Debug|Any CPU
		{AE4622AC-3C7C-4D34-8363-82267B8048FA}.Release|Any CPU.ActiveCfg = Release|Any CPU
		{AE4622AC-3C7C-4D34-8363-82267B8048FA}.Release|Any CPU.Build.0 = Release|Any CPU
	EndGlobalSection
	GlobalSection(SolutionProperties) = preSolution
		HideSolutionNode = FALSE
	EndGlobalSection
	GlobalSection(ExtensibilityGlobals) = postSolution
		SolutionGuid = {C5340C16-B3CC-4D6E-A123-055EFC3AD67F}
	EndGlobalSection
EndGlobal
